
Microsoft Visual Studio Solution File, Format Version 12.00
# Visual Studio Version 16
VisualStudioVersion = 16.0.29326.143
MinimumVisualStudioVersion = 10.0.40219.1
Project("{FAE04EC0-301F-11D3-BF4B-00C04F79EFBC}") = "page1", "page1\page1.csproj", "{D89542BD-44D8-465D-BE2A-903CE0E76DF5}"
EndProject
Global
	GlobalSection(SolutionConfigurationPlatforms) = preSolution
		Debug|Any CPU = Debug|Any CPU
		Release|Any CPU = Release|Any CPU
	EndGlobalSection
	GlobalSection(ProjectConfigurationPlatforms) = postSolution
		{D89542BD-44D8-465D-BE2A-903CE0E76DF5}.Debug|Any CPU.ActiveCfg = Debug|Any CPU
		{D89542BD-44D8-465D-BE2A-903CE0E76DF5}.Debug|Any CPU.Build.0 = Debug|Any CPU
		{D89542BD-44D8-465D-BE2A-903CE0E76DF5}.Release|Any CPU.ActiveCfg = Release|Any CPU
		{D89542BD-44D8-465D-BE2A-903CE0E76DF5}.Release|Any CPU.Build.0 = Release|Any CPU
	EndGlobalSection
	GlobalSection(SolutionProperties) = preSolution
		HideSolutionNode = FALSE
	EndGlobalSection
	GlobalSection(ExtensibilityGlobals) = postSolution
		SolutionGuid = {E825E6BD-8C0B-4C29-8A85-09F8CBCD3F79}
	EndGlobalSection
EndGlobal
